{
    "_meta": {
        "hash": {
            "sha256": "62a227221c98181ad778ceec149f5bedd53b252f38d63fd56338bbe098ef4665"
        },
        "host-environment-markers": {
            "implementation_name": "cpython",
            "implementation_version": "3.6.4",
            "os_name": "nt",
            "platform_machine": "AMD64",
            "platform_python_implementation": "CPython",
            "platform_release": "10",
            "platform_system": "Windows",
            "platform_version": "10.0.16299",
            "python_full_version": "3.6.4",
            "python_version": "3.6",
            "sys_platform": "win32"
        },
        "pipfile-spec": 6,
        "requires": {},
        "sources": [
            {
                "name": "pypi",
                "url": "https://pypi.python.org/simple",
                "verify_ssl": true
            }
        ]
    },
    "default": {
        "selenium": {
            "hashes": [
                "sha256:af448c15b3225056cd406b435cda10bfcee250460a4811e4fd8b21be9f61626c",
                "sha256:3af07d7a4b5d523540fa4f32902b9dec15e0379862406aef974729f42411053d"
            ],
            "version": "==3.8.0"
        }
    },
    "develop": {}
}
